// !$*UTF8*$!
{
	archiveVersion = 1;
	classes = {
	};
	objectVersion = 46;
	objects = {

/* Begin PBXBuildFile section */
		3BD82C611AD216B000E88867 /* main.cpp in Sources */ = {isa = PBXBuildFile; fileRef = 3BD82C601AD216B000E88867 /* main.cpp */; };
/* End PBXBuildFile section */

/* Begin PBXCopyFilesBuildPhase section */
		3BD82C5B1AD216B000E88867 /* CopyFiles */ = {
			isa = PBXCopyFilesBuildPhase;
			buildActionMask = 2147483647;
			dstPath = /usr/share/man/man1/;
			dstSubfolderSpec = 0;
			files = (
			);
			runOnlyForDeploymentPostprocessing = 1;
		};
/* End PBXCopyFilesBuildPhase section */

/* Begin PBXFileReference section */
		3BD82C5D1AD216B000E88867 /* Chap3_3-3 */ = {isa = PBXFileReference; explicitFileType = "compiled.mach-o.executable"; includeInIndex = 0; path = "Chap3_3-3"; sourceTree = BUILT_PRODUCTS_DIR; };
		3BD82C601AD216B000E88867 /* main.cpp */ = {isa = PBXFileReference; lastKnownFileType = sourcecode.cpp.cpp; path = main.cpp; sourceTree = "<group>"; };
/* End PBXFileReference section */

/* Begin PBXFrameworksBuildPhase section */
		3BD82C5A1AD216B000E88867 /* Frameworks */ = {
			isa = PBXFrameworksBuildPhase;
			buildActionMask = 2147483647;
			files = (
			);
			runOnlyForDeploymentPostprocessing = 0;
		};
/* End PBXFrameworksBuildPhase section */

/* Begin PBXGroup section */
		3BD82C541AD216B000E88867 = {
			isa = PBXGroup;
			children = (
				3BD82C5F1AD216B000E88867 /* Chap3_3-3 */,
				3BD82C5E1AD216B000E88867 /* Products */,
			);
			sourceTree = "<group>";
		};
		3BD82C5E1AD216B000E88867 /* Products */ = {
			isa = PBXGroup;
			children = (
				3BD82C5D1AD216B000E88867 /* Chap3_3-3 */,
			);
			name = Products;
			sourceTree = "<group>";
		};
		3BD82C5F1AD216B000E88867 /* Chap3_3-3 */ = {
			isa = PBXGroup;
			children = (
				3BD82C601AD216B000E88867 /* main.cpp */,
			);
			path = "Chap3_3-3";
			sourceTree = "<group>";
		};
/* End PBXGroup section */

/* Begin PBXNativeTarget section */
		3BD82C5C1AD216B000E88867 /* Chap3_3-3 */ = {
			isa = PBXNativeTarget;
			buildConfigurationList = 3BD82C641AD216B000E88867 /* Build configuration list for PBXNativeTarget "Chap3_3-3" */;
			buildPhases = (
				3BD82C591AD216B000E88867 /* Sources */,
				3BD82C5A1AD216B000E88867 /* Frameworks */,
				3BD82C5B1AD216B000E88867 /* CopyFiles */,
			);
			buildRules = (
			);
			dependencies = (
			);
			name = "Chap3_3-3";
			productName = "Chap3_3-3";
			productReference = 3BD82C5D1AD216B000E88867 /* Chap3_3-3 */;
			productType = "com.apple.product-type.tool";
		};
/* End PBXNativeTarget section */

/* Begin PBXProject section */
		3BD82C551AD216B000E88867 /* Project object */ = {
			isa = PBXProject;
			attributes = {
				LastUpgradeCheck = 0620;
				ORGANIZATIONNAME = colin;
				TargetAttributes = {
					3BD82C5C1AD216B000E88867 = {
						CreatedOnToolsVersion = 6.2;
					};
				};
			};
			buildConfigurationList = 3BD82C581AD216B000E88867 /* Build configuration list for PBXProject "Chap3_3-3" */;
			compatibilityVersion = "Xcode 3.2";
			developmentRegion = English;
			hasScannedForEncodings = 0;
			knownRegions = (
				en,
			);
			mainGroup = 3BD82C541AD216B000E88867;
			productRefGroup = 3BD82C5E1AD216B000E88867 /* Products */;
			projectDirPath = "";
			projectRoot = "";
			targets = (
				3BD82C5C1AD216B000E88867 /* Chap3_3-3 */,
			);
		};
/* End PBXProject section */

/* Begin PBXSourcesBuildPhase section */
		3BD82C591AD216B000E88867 /* Sources */ = {
			isa = PBXSourcesBuildPhase;
			buildActionMask = 2147483647;
			files = (
				3BD82C611AD216B000E88867 /* main.cpp in Sources */,
			);
			runOnlyForDeploymentPostprocessing = 0;
		};
/* End PBXSourcesBuildPhase section */

/* Begin XCBuildConfiguration section */
		3BD82C621AD216B000E88867 /* Debug */ = {
			isa = XCBuildConfiguration;
			buildSettings = {
				ALWAYS_SEARCH_USER_PATHS = NO;
				CLANG_CXX_LANGUAGE_STANDARD = "gnu++0x";
				CLANG_CXX_LIBRARY = "libc++";
				CLANG_ENABLE_MODULES = YES;
				CLANG_ENABLE_OBJC_ARC = YES;
				CLANG_WARN_BOOL_CONVERSION = YES;
				CLANG_WARN_CONSTANT_CONVERSION = YES;
				CLANG_WARN_DIRECT_OBJC_ISA_USAGE = YES_ERROR;
				CLANG_WARN_EMPTY_BODY = YES;
				CLANG_WARN_ENUM_CONVERSION = YES;
				CLANG_WARN_INT_CONVERSION = YES;
				CLANG_WARN_OBJC_ROOT_CLASS = YES_ERROR;
				CLANG_WARN_UNREACHABLE_CODE = YES;
				CLANG_WARN__DUPLICATE_METHOD_MATCH = YES;
				COPY_PHASE_STRIP = NO;
				ENABLE_STRICT_OBJC_MSGSEND = YES;
				GCC_C_LANGUAGE_STANDARD = gnu99;
				GCC_DYNAMIC_NO_PIC = NO;
				GCC_OPTIMIZATION_LEVEL = 0;
				GCC_PREPROCESSOR_DEFINITIONS = (
					"DEBUG=1",
					"$(inherited)",
				);
				GCC_SYMBOLS_PRIVATE_EXTERN = NO;
				GCC_WARN_64_TO_32_BIT_CONVERSION = YES;
				GCC_WARN_ABOUT_RETURN_TYPE = YES_ERROR;
				GCC_WARN_UNDECLARED_SELECTOR = YES;
				GCC_WARN_UNINITIALIZED_AUTOS = YES_AGGRESSIVE;
				GCC_WARN_UNUSED_FUNCTION = YES;
				GCC_WARN_UNUSED_VARIABLE = YES;
				MACOSX_DEPLOYMENT_TARGET = 10.10;
				MTL_ENABLE_DEBUG_INFO = YES;
				ONLY_ACTIVE_ARCH = YES;
				SDKROOT = macosx;
			};
			name = Debug;
		};
		3BD82C631AD216B000E88867 /* Release */ = {
			isa = XCBuildConfiguration;
			buildSettings = {
				ALWAYS_SEARCH_USER_PATHS = NO;
				CLANG_CXX_LANGUAGE_STANDARD = "gnu++0x";
				CLANG_CXX_LIBRARY = "libc++";
				CLANG_ENABLE_MODULES = YES;
				CLANG_ENABLE_OBJC_ARC = YES;
				CLANG_WARN_BOOL_CONVERSION = YES;
				CLANG_WARN_CONSTANT_CONVERSION = YES;
				CLANG_WARN_DIRECT_OBJC_ISA_USAGE = YES_ERROR;
				CLANG_WARN_EMPTY_BODY = YES;
				CLANG_WARN_ENUM_CONVERSION = YES;
				CLANG_WARN_INT_CONVERSION = YES;
				CLANG_WARN_OBJC_ROOT_CLASS = YES_ERROR;
				CLANG_WARN_UNREACHABLE_CODE = YES;
				CLANG_WARN__DUPLICATE_METHOD_MATCH = YES;
				COPY_PHASE_STRIP = NO;
				DEBUG_INFORMATION_FORMAT = "dwarf-with-dsym";
				ENABLE_NS_ASSERTIONS = NO;
				ENABLE_STRICT_OBJC_MSGSEND = YES;
				GCC_C_LANGUAGE_STANDARD = gnu99;
				GCC_WARN_64_TO_32_BIT_CONVERSION = YES;
				GCC_WARN_ABOUT_RETURN_TYPE = YES_ERROR;
				GCC_WARN_UNDECLARED_SELECTOR = YES;
				GCC_WARN_UNINITIALIZED_AUTOS = YES_AGGRESSIVE;
				GCC_WARN_UNUSED_FUNCTION = YES;
				GCC_WARN_UNUSED_VARIABLE = YES;
				MACOSX_DEPLOYMENT_TARGET = 10.10;
				MTL_ENABLE_DEBUG_INFO = NO;
				SDKROOT = macosx;
			};
			name = Release;
		};
		3BD82C651AD216B000E88867 /* Debug */ = {
			isa = XCBuildConfiguration;
			buildSettings = {
				PRODUCT_NAME = "$(TARGET_NAME)";
			};
			name = Debug;
		};
		3BD82C661AD216B000E88867 /* Release */ = {
			isa = XCBuildConfiguration;
			buildSettings = {
				PRODUCT_NAME = "$(TARGET_NAME)";
			};
			name = Release;
		};
/* End XCBuildConfiguration section */

/* Begin XCConfigurationList section */
		3BD82C581AD216B000E88867 /* Build configuration list for PBXProject "Chap3_3-3" */ = {
			isa = XCConfigurationList;
			buildConfigurations = (
				3BD82C621AD216B000E88867 /* Debug */,
				3BD82C631AD216B000E88867 /* Release */,
			);
			defaultConfigurationIsVisible = 0;
			defaultConfigurationName = Release;
		};
		3BD82C641AD216B000E88867 /* Build configuration list for PBXNativeTarget "Chap3_3-3" */ = {
			isa = XCConfigurationList;
			buildConfigurations = (
				3BD82C651AD216B000E88867 /* Debug */,
				3BD82C661AD216B000E88867 /* Release */,
			);
			defaultConfigurationIsVisible = 0;
		};
/* End XCConfigurationList section */
	};
	rootObject = 3BD82C551AD216B000E88867 /* Project object */;
}
